{
  "name": "Programa10",
  "lockfileVersion": 3,
  "requires": true,
  "packages": {
    "": {
      "dependencies": {
        "tabulator-tables": "^5.5.1"
      }
    },
    "node_modules/tabulator-tables": {
      "version": "5.5.1",
      "resolved": "https://registry.npmjs.org/tabulator-tables/-/tabulator-tables-5.5.1.tgz",
      "integrity": "sha512-YxWVXbWVgUOMhU/g2xnf7y4Vrk1grYpDftQigbY/yAOKMEfgCRYzNaNEpMZbaimWdCt7KdpIp+lpp+HM5DY5sQ=="
    }
  }
}
